// !$*UTF8*$!
{
	archiveVersion = 1;
	classes = {
	};
	objectVersion = 46;
	objects = {

/* Begin PBXBuildFile section */
		B2F188831C909C5200B57127 /* main.m in Sources */ = {isa = PBXBuildFile; fileRef = B2F188821C909C5200B57127 /* main.m */; };
		B2F188861C909C5200B57127 /* AppDelegate.m in Sources */ = {isa = PBXBuildFile; fileRef = B2F188851C909C5200B57127 /* AppDelegate.m */; };
		B2F188891C909C5200B57127 /* ViewController.m in Sources */ = {isa = PBXBuildFile; fileRef = B2F188881C909C5200B57127 /* ViewController.m */; };
		B2F1888C1C909C5200B57127 /* Main.storyboard in Resources */ = {isa = PBXBuildFile; fileRef = B2F1888A1C909C5200B57127 /* Main.storyboard */; };
		B2F1888E1C909C5200B57127 /* Assets.xcassets in Resources */ = {isa = PBXBuildFile; fileRef = B2F1888D1C909C5200B57127 /* Assets.xcassets */; };
		B2F188911C909C5200B57127 /* LaunchScreen.storyboard in Resources */ = {isa = PBXBuildFile; fileRef = B2F1888F1C909C5200B57127 /* LaunchScreen.storyboard */; };
		B2F1889C1C909C5200B57127 /* CurrencyRatesTests.m in Sources */ = {isa = PBXBuildFile; fileRef = B2F1889B1C909C5200B57127 /* CurrencyRatesTests.m */; };
		B2F188A71C909C5200B57127 /* CurrencyRatesUITests.m in Sources */ = {isa = PBXBuildFile; fileRef = B2F188A61C909C5200B57127 /* CurrencyRatesUITests.m */; };
		B2F188B91C90A4AA00B57127 /* libxml in Resources */ = {isa = PBXBuildFile; fileRef = B2F188B81C90A4AA00B57127 /* libxml */; };
		B2F188BB1C90AF3400B57127 /* libxml2.tbd in Frameworks */ = {isa = PBXBuildFile; fileRef = B2F188BA1C90AF3400B57127 /* libxml2.tbd */; };
/* End PBXBuildFile section */

/* Begin PBXContainerItemProxy section */
		B2F188981C909C5200B57127 /* PBXContainerItemProxy */ = {
			isa = PBXContainerItemProxy;
			containerPortal = B2F188761C909C5200B57127 /* Project object */;
			proxyType = 1;
			remoteGlobalIDString = B2F1887D1C909C5200B57127;
			remoteInfo = CurrencyRates;
		};
		B2F188A31C909C5200B57127 /* PBXContainerItemProxy */ = {
			isa = PBXContainerItemProxy;
			containerPortal = B2F188761C909C5200B57127 /* Project object */;
			proxyType = 1;
			remoteGlobalIDString = B2F1887D1C909C5200B57127;
			remoteInfo = CurrencyRates;
		};
/* End PBXContainerItemProxy section */

/* Begin PBXFileReference section */
		B2F1887E1C909C5200B57127 /* CurrencyRates.app */ = {isa = PBXFileReference; explicitFileType = wrapper.application; includeInIndex = 0; path = CurrencyRates.app; sourceTree = BUILT_PRODUCTS_DIR; };
		B2F188821C909C5200B57127 /* main.m */ = {isa = PBXFileReference; lastKnownFileType = sourcecode.c.objc; path = main.m; sourceTree = "<group>"; };
		B2F188841C909C5200B57127 /* AppDelegate.h */ = {isa = PBXFileReference; lastKnownFileType = sourcecode.c.h; path = AppDelegate.h; sourceTree = "<group>"; };
		B2F188851C909C5200B57127 /* AppDelegate.m */ = {isa = PBXFileReference; lastKnownFileType = sourcecode.c.objc; path = AppDelegate.m; sourceTree = "<group>"; };
		B2F188871C909C5200B57127 /* ViewController.h */ = {isa = PBXFileReference; lastKnownFileType = sourcecode.c.h; path = ViewController.h; sourceTree = "<group>"; };
		B2F188881C909C5200B57127 /* ViewController.m */ = {isa = PBXFileReference; lastKnownFileType = sourcecode.c.objc; path = ViewController.m; sourceTree = "<group>"; };
		B2F1888B1C909C5200B57127 /* Base */ = {isa = PBXFileReference; lastKnownFileType = file.storyboard; name = Base; path = Base.lproj/Main.storyboard; sourceTree = "<group>"; };
		B2F1888D1C909C5200B57127 /* Assets.xcassets */ = {isa = PBXFileReference; lastKnownFileType = folder.assetcatalog; path = Assets.xcassets; sourceTree = "<group>"; };
		B2F188901C909C5200B57127 /* Base */ = {isa = PBXFileReference; lastKnownFileType = file.storyboard; name = Base; path = Base.lproj/LaunchScreen.storyboard; sourceTree = "<group>"; };
		B2F188921C909C5200B57127 /* Info.plist */ = {isa = PBXFileReference; lastKnownFileType = text.plist.xml; path = Info.plist; sourceTree = "<group>"; };
		B2F188971C909C5200B57127 /* CurrencyRatesTests.xctest */ = {isa = PBXFileReference; explicitFileType = wrapper.cfbundle; includeInIndex = 0; path = CurrencyRatesTests.xctest; sourceTree = BUILT_PRODUCTS_DIR; };
		B2F1889B1C909C5200B57127 /* CurrencyRatesTests.m */ = {isa = PBXFileReference; lastKnownFileType = sourcecode.c.objc; path = CurrencyRatesTests.m; sourceTree = "<group>"; };
		B2F1889D1C909C5200B57127 /* Info.plist */ = {isa = PBXFileReference; lastKnownFileType = text.plist.xml; path = Info.plist; sourceTree = "<group>"; };
		B2F188A21C909C5200B57127 /* CurrencyRatesUITests.xctest */ = {isa = PBXFileReference; explicitFileType = wrapper.cfbundle; includeInIndex = 0; path = CurrencyRatesUITests.xctest; sourceTree = BUILT_PRODUCTS_DIR; };
		B2F188A61C909C5200B57127 /* CurrencyRatesUITests.m */ = {isa = PBXFileReference; lastKnownFileType = sourcecode.c.objc; path = CurrencyRatesUITests.m; sourceTree = "<group>"; };
		B2F188A81C909C5200B57127 /* Info.plist */ = {isa = PBXFileReference; lastKnownFileType = text.plist.xml; path = Info.plist; sourceTree = "<group>"; };
		B2F188B81C90A4AA00B57127 /* libxml */ = {isa = PBXFileReference; lastKnownFileType = folder; path = libxml; sourceTree = "<group>"; };
		B2F188BA1C90AF3400B57127 /* libxml2.tbd */ = {isa = PBXFileReference; lastKnownFileType = "sourcecode.text-based-dylib-definition"; name = libxml2.tbd; path = usr/lib/libxml2.tbd; sourceTree = SDKROOT; };
/* End PBXFileReference section */

/* Begin PBXFrameworksBuildPhase section */
		B2F1887B1C909C5200B57127 /* Frameworks */ = {
			isa = PBXFrameworksBuildPhase;
			buildActionMask = 2147483647;
			files = (
				B2F188BB1C90AF3400B57127 /* libxml2.tbd in Frameworks */,
			);
			runOnlyForDeploymentPostprocessing = 0;
		};
		B2F188941C909C5200B57127 /* Frameworks */ = {
			isa = PBXFrameworksBuildPhase;
			buildActionMask = 2147483647;
			files = (
			);
			runOnlyForDeploymentPostprocessing = 0;
		};
		B2F1889F1C909C5200B57127 /* Frameworks */ = {
			isa = PBXFrameworksBuildPhase;
			buildActionMask = 2147483647;
			files = (
			);
			runOnlyForDeploymentPostprocessing = 0;
		};
/* End PBXFrameworksBuildPhase section */

/* Begin PBXGroup section */
		B2F188751C909C5200B57127 = {
			isa = PBXGroup;
			children = (
				B2F188BA1C90AF3400B57127 /* libxml2.tbd */,
				B2F188801C909C5200B57127 /* CurrencyRates */,
				B2F1889A1C909C5200B57127 /* CurrencyRatesTests */,
				B2F188A51C909C5200B57127 /* CurrencyRatesUITests */,
				B2F1887F1C909C5200B57127 /* Products */,
			);
			sourceTree = "<group>";
		};
		B2F1887F1C909C5200B57127 /* Products */ = {
			isa = PBXGroup;
			children = (
				B2F1887E1C909C5200B57127 /* CurrencyRates.app */,
				B2F188971C909C5200B57127 /* CurrencyRatesTests.xctest */,
				B2F188A21C909C5200B57127 /* CurrencyRatesUITests.xctest */,
			);
			name = Products;
			sourceTree = "<group>";
		};
		B2F188801C909C5200B57127 /* CurrencyRates */ = {
			isa = PBXGroup;
			children = (
				B2F188B81C90A4AA00B57127 /* libxml */,
				B2F188841C909C5200B57127 /* AppDelegate.h */,
				B2F188851C909C5200B57127 /* AppDelegate.m */,
				B2F188871C909C5200B57127 /* ViewController.h */,
				B2F188881C909C5200B57127 /* ViewController.m */,
				B2F1888A1C909C5200B57127 /* Main.storyboard */,
				B2F1888D1C909C5200B57127 /* Assets.xcassets */,
				B2F1888F1C909C5200B57127 /* LaunchScreen.storyboard */,
				B2F188921C909C5200B57127 /* Info.plist */,
				B2F188811C909C5200B57127 /* Supporting Files */,
			);
			path = CurrencyRates;
			sourceTree = "<group>";
		};
		B2F188811C909C5200B57127 /* Supporting Files */ = {
			isa = PBXGroup;
			children = (
				B2F188821C909C5200B57127 /* main.m */,
			);
			name = "Supporting Files";
			sourceTree = "<group>";
		};
		B2F1889A1C909C5200B57127 /* CurrencyRatesTests */ = {
			isa = PBXGroup;
			children = (
				B2F1889B1C909C5200B57127 /* CurrencyRatesTests.m */,
				B2F1889D1C909C5200B57127 /* Info.plist */,
			);
			path = CurrencyRatesTests;
			sourceTree = "<group>";
		};
		B2F188A51C909C5200B57127 /* CurrencyRatesUITests */ = {
			isa = PBXGroup;
			children = (
				B2F188A61C909C5200B57127 /* CurrencyRatesUITests.m */,
				B2F188A81C909C5200B57127 /* Info.plist */,
			);
			path = CurrencyRatesUITests;
			sourceTree = "<group>";
		};
/* End PBXGroup section */

/* Begin PBXNativeTarget section */
		B2F1887D1C909C5200B57127 /* CurrencyRates */ = {
			isa = PBXNativeTarget;
			buildConfigurationList = B2F188AB1C909C5200B57127 /* Build configuration list for PBXNativeTarget "CurrencyRates" */;
			buildPhases = (
				B2F1887A1C909C5200B57127 /* Sources */,
				B2F1887B1C909C5200B57127 /* Frameworks */,
				B2F1887C1C909C5200B57127 /* Resources */,
			);
			buildRules = (
			);
			dependencies = (
			);
			name = CurrencyRates;
			productName = CurrencyRates;
			productReference = B2F1887E1C909C5200B57127 /* CurrencyRates.app */;
			productType = "com.apple.product-type.application";
		};
		B2F188961C909C5200B57127 /* CurrencyRatesTests */ = {
			isa = PBXNativeTarget;
			buildConfigurationList = B2F188AE1C909C5200B57127 /* Build configuration list for PBXNativeTarget "CurrencyRatesTests" */;
			buildPhases = (
				B2F188931C909C5200B57127 /* Sources */,
				B2F188941C909C5200B57127 /* Frameworks */,
				B2F188951C909C5200B57127 /* Resources */,
			);
			buildRules = (
			);
			dependencies = (
				B2F188991C909C5200B57127 /* PBXTargetDependency */,
			);
			name = CurrencyRatesTests;
			productName = CurrencyRatesTests;
			productReference = B2F188971C909C5200B57127 /* CurrencyRatesTests.xctest */;
			productType = "com.apple.product-type.bundle.unit-test";
		};
		B2F188A11C909C5200B57127 /* CurrencyRatesUITests */ = {
			isa = PBXNativeTarget;
			buildConfigurationList = B2F188B11C909C5200B57127 /* Build configuration list for PBXNativeTarget "CurrencyRatesUITests" */;
			buildPhases = (
				B2F1889E1C909C5200B57127 /* Sources */,
				B2F1889F1C909C5200B57127 /* Frameworks */,
				B2F188A01C909C5200B57127 /* Resources */,
			);
			buildRules = (
			);
			dependencies = (
				B2F188A41C909C5200B57127 /* PBXTargetDependency */,
			);
			name = CurrencyRatesUITests;
			productName = CurrencyRatesUITests;
			productReference = B2F188A21C909C5200B57127 /* CurrencyRatesUITests.xctest */;
			productType = "com.apple.product-type.bundle.ui-testing";
		};
/* End PBXNativeTarget section */

/* Begin PBXProject section */
		B2F188761C909C5200B57127 /* Project object */ = {
			isa = PBXProject;
			attributes = {
				LastUpgradeCheck = 0720;
				ORGANIZATIONNAME = "Evgeny Zakharov";
				TargetAttributes = {
					B2F1887D1C909C5200B57127 = {
						CreatedOnToolsVersion = 7.2.1;
					};
					B2F188961C909C5200B57127 = {
						CreatedOnToolsVersion = 7.2.1;
						TestTargetID = B2F1887D1C909C5200B57127;
					};
					B2F188A11C909C5200B57127 = {
						CreatedOnToolsVersion = 7.2.1;
						TestTargetID = B2F1887D1C909C5200B57127;
					};
				};
			};
			buildConfigurationList = B2F188791C909C5200B57127 /* Build configuration list for PBXProject "CurrencyRates" */;
			compatibilityVersion = "Xcode 3.2";
			developmentRegion = English;
			hasScannedForEncodings = 0;
			knownRegions = (
				en,
				Base,
			);
			mainGroup = B2F188751C909C5200B57127;
			productRefGroup = B2F1887F1C909C5200B57127 /* Products */;
			projectDirPath = "";
			projectRoot = "";
			targets = (
				B2F1887D1C909C5200B57127 /* CurrencyRates */,
				B2F188961C909C5200B57127 /* CurrencyRatesTests */,
				B2F188A11C909C5200B57127 /* CurrencyRatesUITests */,
			);
		};
/* End PBXProject section */

/* Begin PBXResourcesBuildPhase section */
		B2F1887C1C909C5200B57127 /* Resources */ = {
			isa = PBXResourcesBuildPhase;
			buildActionMask = 2147483647;
			files = (
				B2F188911C909C5200B57127 /* LaunchScreen.storyboard in Resources */,
				B2F1888E1C909C5200B57127 /* Assets.xcassets in Resources */,
				B2F188B91C90A4AA00B57127 /* libxml in Resources */,
				B2F1888C1C909C5200B57127 /* Main.storyboard in Resources */,
			);
			runOnlyForDeploymentPostprocessing = 0;
		};
		B2F188951C909C5200B57127 /* Resources */ = {
			isa = PBXResourcesBuildPhase;
			buildActionMask = 2147483647;
			files = (
			);
			runOnlyForDeploymentPostprocessing = 0;
		};
		B2F188A01C909C5200B57127 /* Resources */ = {
			isa = PBXResourcesBuildPhase;
			buildActionMask = 2147483647;
			files = (
			);
			runOnlyForDeploymentPostprocessing = 0;
		};
/* End PBXResourcesBuildPhase section */

/* Begin PBXSourcesBuildPhase section */
		B2F1887A1C909C5200B57127 /* Sources */ = {
			isa = PBXSourcesBuildPhase;
			buildActionMask = 2147483647;
			files = (
				B2F188891C909C5200B57127 /* ViewController.m in Sources */,
				B2F188861C909C5200B57127 /* AppDelegate.m in Sources */,
				B2F188831C909C5200B57127 /* main.m in Sources */,
			);
			runOnlyForDeploymentPostprocessing = 0;
		};
		B2F188931C909C5200B57127 /* Sources */ = {
			isa = PBXSourcesBuildPhase;
			buildActionMask = 2147483647;
			files = (
				B2F1889C1C909C5200B57127 /* CurrencyRatesTests.m in Sources */,
			);
			runOnlyForDeploymentPostprocessing = 0;
		};
		B2F1889E1C909C5200B57127 /* Sources */ = {
			isa = PBXSourcesBuildPhase;
			buildActionMask = 2147483647;
			files = (
				B2F188A71C909C5200B57127 /* CurrencyRatesUITests.m in Sources */,
			);
			runOnlyForDeploymentPostprocessing = 0;
		};
/* End PBXSourcesBuildPhase section */

/* Begin PBXTargetDependency section */
		B2F188991C909C5200B57127 /* PBXTargetDependency */ = {
			isa = PBXTargetDependency;
			target = B2F1887D1C909C5200B57127 /* CurrencyRates */;
			targetProxy = B2F188981C909C5200B57127 /* PBXContainerItemProxy */;
		};
		B2F188A41C909C5200B57127 /* PBXTargetDependency */ = {
			isa = PBXTargetDependency;
			target = B2F1887D1C909C5200B57127 /* CurrencyRates */;
			targetProxy = B2F188A31C909C5200B57127 /* PBXContainerItemProxy */;
		};
/* End PBXTargetDependency section */

/* Begin PBXVariantGroup section */
		B2F1888A1C909C5200B57127 /* Main.storyboard */ = {
			isa = PBXVariantGroup;
			children = (
				B2F1888B1C909C5200B57127 /* Base */,
			);
			name = Main.storyboard;
			sourceTree = "<group>";
		};
		B2F1888F1C909C5200B57127 /* LaunchScreen.storyboard */ = {
			isa = PBXVariantGroup;
			children = (
				B2F188901C909C5200B57127 /* Base */,
			);
			name = LaunchScreen.storyboard;
			sourceTree = "<group>";
		};
/* End PBXVariantGroup section */

/* Begin XCBuildConfiguration section */
		B2F188A91C909C5200B57127 /* Debug */ = {
			isa = XCBuildConfiguration;
			buildSettings = {
				ALWAYS_SEARCH_USER_PATHS = NO;
				CLANG_CXX_LANGUAGE_STANDARD = "gnu++0x";
				CLANG_CXX_LIBRARY = "libc++";
				CLANG_ENABLE_MODULES = YES;
				CLANG_ENABLE_OBJC_ARC = YES;
				CLANG_WARN_BOOL_CONVERSION = YES;
				CLANG_WARN_CONSTANT_CONVERSION = YES;
				CLANG_WARN_DIRECT_OBJC_ISA_USAGE = YES_ERROR;
				CLANG_WARN_EMPTY_BODY = YES;
				CLANG_WARN_ENUM_CONVERSION = YES;
				CLANG_WARN_INT_CONVERSION = YES;
				CLANG_WARN_OBJC_ROOT_CLASS = YES_ERROR;
				CLANG_WARN_UNREACHABLE_CODE = YES;
				CLANG_WARN__DUPLICATE_METHOD_MATCH = YES;
				"CODE_SIGN_IDENTITY[sdk=iphoneos*]" = "iPhone Developer";
				COPY_PHASE_STRIP = NO;
				DEBUG_INFORMATION_FORMAT = dwarf;
				ENABLE_STRICT_OBJC_MSGSEND = YES;
				ENABLE_TESTABILITY = YES;
				GCC_C_LANGUAGE_STANDARD = gnu99;
				GCC_DYNAMIC_NO_PIC = NO;
				GCC_NO_COMMON_BLOCKS = YES;
				GCC_OPTIMIZATION_LEVEL = 0;
				GCC_PREPROCESSOR_DEFINITIONS = (
					"DEBUG=1",
					"$(inherited)",
				);
				GCC_WARN_64_TO_32_BIT_CONVERSION = YES;
				GCC_WARN_ABOUT_RETURN_TYPE = YES_ERROR;
				GCC_WARN_UNDECLARED_SELECTOR = YES;
				GCC_WARN_UNINITIALIZED_AUTOS = YES_AGGRESSIVE;
				GCC_WARN_UNUSED_FUNCTION = YES;
				GCC_WARN_UNUSED_VARIABLE = YES;
				IPHONEOS_DEPLOYMENT_TARGET = 9.2;
				MTL_ENABLE_DEBUG_INFO = YES;
				ONLY_ACTIVE_ARCH = YES;
				SDKROOT = iphoneos;
			};
			name = Debug;
		};
		B2F188AA1C909C5200B57127 /* Release */ = {
			isa = XCBuildConfiguration;
			buildSettings = {
				ALWAYS_SEARCH_USER_PATHS = NO;
				CLANG_CXX_LANGUAGE_STANDARD = "gnu++0x";
				CLANG_CXX_LIBRARY = "libc++";
				CLANG_ENABLE_MODULES = YES;
				CLANG_ENABLE_OBJC_ARC = YES;
				CLANG_WARN_BOOL_CONVERSION = YES;
				CLANG_WARN_CONSTANT_CONVERSION = YES;
				CLANG_WARN_DIRECT_OBJC_ISA_USAGE = YES_ERROR;
				CLANG_WARN_EMPTY_BODY = YES;
				CLANG_WARN_ENUM_CONVERSION = YES;
				CLANG_WARN_INT_CONVERSION = YES;
				CLANG_WARN_OBJC_ROOT_CLASS = YES_ERROR;
				CLANG_WARN_UNREACHABLE_CODE = YES;
				CLANG_WARN__DUPLICATE_METHOD_MATCH = YES;
				"CODE_SIGN_IDENTITY[sdk=iphoneos*]" = "iPhone Developer";
				COPY_PHASE_STRIP = NO;
				DEBUG_INFORMATION_FORMAT = "dwarf-with-dsym";
				ENABLE_NS_ASSERTIONS = NO;
				ENABLE_STRICT_OBJC_MSGSEND = YES;
				GCC_C_LANGUAGE_STANDARD = gnu99;
				GCC_NO_COMMON_BLOCKS = YES;
				GCC_WARN_64_TO_32_BIT_CONVERSION = YES;
				GCC_WARN_ABOUT_RETURN_TYPE = YES_ERROR;
				GCC_WARN_UNDECLARED_SELECTOR = YES;
				GCC_WARN_UNINITIALIZED_AUTOS = YES_AGGRESSIVE;
				GCC_WARN_UNUSED_FUNCTION = YES;
				GCC_WARN_UNUSED_VARIABLE = YES;
				IPHONEOS_DEPLOYMENT_TARGET = 9.2;
				MTL_ENABLE_DEBUG_INFO = NO;
				SDKROOT = iphoneos;
				VALIDATE_PRODUCT = YES;
			};
			name = Release;
		};
		B2F188AC1C909C5200B57127 /* Debug */ = {
			isa = XCBuildConfiguration;
			buildSettings = {
				ASSETCATALOG_COMPILER_APPICON_NAME = AppIcon;
				"HEADER_SEARCH_PATHS[arch=*]" = /usr/include/libxml2;
				INFOPLIST_FILE = CurrencyRates/Info.plist;
				LD_RUNPATH_SEARCH_PATHS = "$(inherited) @executable_path/Frameworks";
				PLIST_FILE_OUTPUT_FORMAT = XML;
				PRODUCT_BUNDLE_IDENTIFIER = "ZEVs-Entertainment.CurrencyRates";
				PRODUCT_NAME = "$(TARGET_NAME)";
			};
			name = Debug;
		};
		B2F188AD1C909C5200B57127 /* Release */ = {
			isa = XCBuildConfiguration;
			buildSettings = {
				ASSETCATALOG_COMPILER_APPICON_NAME = AppIcon;
				INFOPLIST_FILE = CurrencyRates/Info.plist;
				LD_RUNPATH_SEARCH_PATHS = "$(inherited) @executable_path/Frameworks";
				PLIST_FILE_OUTPUT_FORMAT = XML;
				PRODUCT_BUNDLE_IDENTIFIER = "ZEVs-Entertainment.CurrencyRates";
				PRODUCT_NAME = "$(TARGET_NAME)";
			};
			name = Release;
		};
		B2F188AF1C909C5200B57127 /* Debug */ = {
			isa = XCBuildConfiguration;
			buildSettings = {
				BUNDLE_LOADER = "$(TEST_HOST)";
				INFOPLIST_FILE = CurrencyRatesTests/Info.plist;
				LD_RUNPATH_SEARCH_PATHS = "$(inherited) @executable_path/Frameworks @loader_path/Frameworks";
				PRODUCT_BUNDLE_IDENTIFIER = "ZEVs-Entertainment.CurrencyRatesTests";
				PRODUCT_NAME = "$(TARGET_NAME)";
				TEST_HOST = "$(BUILT_PRODUCTS_DIR)/CurrencyRates.app/CurrencyRates";
			};
			name = Debug;
		};
		B2F188B01C909C5200B57127 /* Release */ = {
			isa = XCBuildConfiguration;
			buildSettings = {
				BUNDLE_LOADER = "$(TEST_HOST)";
				INFOPLIST_FILE = CurrencyRatesTests/Info.plist;
				LD_RUNPATH_SEARCH_PATHS = "$(inherited) @executable_path/Frameworks @loader_path/Frameworks";
				PRODUCT_BUNDLE_IDENTIFIER = "ZEVs-Entertainment.CurrencyRatesTests";
				PRODUCT_NAME = "$(TARGET_NAME)";
				TEST_HOST = "$(BUILT_PRODUCTS_DIR)/CurrencyRates.app/CurrencyRates";
			};
			name = Release;
		};
		B2F188B21C909C5200B57127 /* Debug */ = {
			isa = XCBuildConfiguration;
			buildSettings = {
				INFOPLIST_FILE = CurrencyRatesUITests/Info.plist;
				LD_RUNPATH_SEARCH_PATHS = "$(inherited) @executable_path/Frameworks @loader_path/Frameworks";
				PRODUCT_BUNDLE_IDENTIFIER = "ZEVs-Entertainment.CurrencyRatesUITests";
				PRODUCT_NAME = "$(TARGET_NAME)";
				TEST_TARGET_NAME = CurrencyRates;
				USES_XCTRUNNER = YES;
			};
			name = Debug;
		};
		B2F188B31C909C5200B57127 /* Release */ = {
			isa = XCBuildConfiguration;
			buildSettings = {
				INFOPLIST_FILE = CurrencyRatesUITests/Info.plist;
				LD_RUNPATH_SEARCH_PATHS = "$(inherited) @executable_path/Frameworks @loader_path/Frameworks";
				PRODUCT_BUNDLE_IDENTIFIER = "ZEVs-Entertainment.CurrencyRatesUITests";
				PRODUCT_NAME = "$(TARGET_NAME)";
				TEST_TARGET_NAME = CurrencyRates;
				USES_XCTRUNNER = YES;
			};
			name = Release;
		};
/* End XCBuildConfiguration section */

/* Begin XCConfigurationList section */
		B2F188791C909C5200B57127 /* Build configuration list for PBXProject "CurrencyRates" */ = {
			isa = XCConfigurationList;
			buildConfigurations = (
				B2F188A91C909C5200B57127 /* Debug */,
				B2F188AA1C909C5200B57127 /* Release */,
			);
			defaultConfigurationIsVisible = 0;
			defaultConfigurationName = Release;
		};
		B2F188AB1C909C5200B57127 /* Build configuration list for PBXNativeTarget "CurrencyRates" */ = {
			isa = XCConfigurationList;
			buildConfigurations = (
				B2F188AC1C909C5200B57127 /* Debug */,
				B2F188AD1C909C5200B57127 /* Release */,
			);
			defaultConfigurationIsVisible = 0;
			defaultConfigurationName = Release;
		};
		B2F188AE1C909C5200B57127 /* Build configuration list for PBXNativeTarget "CurrencyRatesTests" */ = {
			isa = XCConfigurationList;
			buildConfigurations = (
				B2F188AF1C909C5200B57127 /* Debug */,
				B2F188B01C909C5200B57127 /* Release */,
			);
			defaultConfigurationIsVisible = 0;
			defaultConfigurationName = Release;
		};
		B2F188B11C909C5200B57127 /* Build configuration list for PBXNativeTarget "CurrencyRatesUITests" */ = {
			isa = XCConfigurationList;
			buildConfigurations = (
				B2F188B21C909C5200B57127 /* Debug */,
				B2F188B31C909C5200B57127 /* Release */,
			);
			defaultConfigurationIsVisible = 0;
			defaultConfigurationName = Release;
		};
/* End XCConfigurationList section */
	};
	rootObject = B2F188761C909C5200B57127 /* Project object */;
}
